{
    "_meta": {
        "hash": {
            "sha256": "0cdfe90cf755e2493fe3ff4eb82363286f49e2816ff667d7eb0f185f88ad4c3a"
        },
        "pipfile-spec": 6,
        "requires": {
            "python_version": "2.7.15"
        },
        "sources": [
            {
                "name": "pypi",
                "url": "https://pypi.org/simple",
                "verify_ssl": true
            }
        ]
    },
    "default": {},
    "develop": {}
}
