{
    "_meta": {
        "hash": {
            "sha256": "5ba64f7dbcca00ef18c7b4bf74efabc26f0282a335672e29279b2710eeef1563"
        },
        "pipfile-spec": 6,
        "requires": {
            "python_version": "3.6.5"
        },
        "sources": [
            {
                "name": "pypi",
                "url": "https://pypi.org/simple",
                "verify_ssl": true
            }
        ]
    },
    "default": {},
    "develop": {}
}
